
Microsoft Visual Studio Solution File, Format Version 12.00
# Visual Studio 2015
Project("{FAE04EC0-301F-11D3-BF4B-00C04F79EFBC}") = "Surfe de trem - Versão Alpha.CSharp", "Surfe de trem - Versão Alpha.CSharp.csproj", "{F5E791C3-D6A8-35EF-3474-01E9AA6A2AF0}"
EndProject
Project("{FAE04EC0-301F-11D3-BF4B-00C04F79EFBC}") = "Surfe de trem - Versão Alpha.CSharp.Editor", "Surfe de trem - Versão Alpha.CSharp.Editor.csproj", "{ED279C48-65C7-E671-5604-0C08295EF4A8}"
EndProject
Global
	GlobalSection(SolutionConfigurationPlatforms) = preSolution
		Debug|Any CPU = Debug|Any CPU
		Release|Any CPU = Release|Any CPU
	EndGlobalSection
	GlobalSection(ProjectConfigurationPlatforms) = postSolution
		{F5E791C3-D6A8-35EF-3474-01E9AA6A2AF0}.Debug|Any CPU.ActiveCfg = Debug|Any CPU
		{F5E791C3-D6A8-35EF-3474-01E9AA6A2AF0}.Debug|Any CPU.Build.0 = Debug|Any CPU
		{F5E791C3-D6A8-35EF-3474-01E9AA6A2AF0}.Release|Any CPU.ActiveCfg = Release|Any CPU
		{F5E791C3-D6A8-35EF-3474-01E9AA6A2AF0}.Release|Any CPU.Build.0 = Release|Any CPU
		{ED279C48-65C7-E671-5604-0C08295EF4A8}.Debug|Any CPU.ActiveCfg = Debug|Any CPU
		{ED279C48-65C7-E671-5604-0C08295EF4A8}.Debug|Any CPU.Build.0 = Debug|Any CPU
		{ED279C48-65C7-E671-5604-0C08295EF4A8}.Release|Any CPU.ActiveCfg = Release|Any CPU
		{ED279C48-65C7-E671-5604-0C08295EF4A8}.Release|Any CPU.Build.0 = Release|Any CPU
	EndGlobalSection
	GlobalSection(SolutionProperties) = preSolution
		HideSolutionNode = FALSE
	EndGlobalSection
EndGlobal
