Microsoft Visual Studio Solution File, Format Version 11.00
# Visual Studio 2008

Project("{390EF386-8897-3585-EBB2-89CE5EBD47AF}") = "Surfe de trem - Versão Alpha", "Assembly-CSharp-firstpass.csproj", "{BA6C275C-4DBB-8A8F-4E23-4F0EAE708A92}"
EndProject
Project("{390EF386-8897-3585-EBB2-89CE5EBD47AF}") = "Surfe de trem - Versão Alpha", "Assembly-CSharp.csproj", "{3AEFFAB6-98AA-4881-FF6C-C19ED9E728CA}"
EndProject
Project("{390EF386-8897-3585-EBB2-89CE5EBD47AF}") = "Surfe de trem - Versão Alpha", "Assembly-CSharp-Editor.csproj", "{26990543-778A-048C-03FE-2D3D8B063E44}"
EndProject
Global
	GlobalSection(SolutionConfigurationPlatforms) = preSolution
		Debug|Any CPU = Debug|Any CPU
		Release|Any CPU = Release|Any CPU
	EndGlobalSection
	GlobalSection(ProjectConfigurationPlatforms) = postSolution
		{BA6C275C-4DBB-8A8F-4E23-4F0EAE708A92}.Debug|Any CPU.ActiveCfg = Debug|Any CPU
		{BA6C275C-4DBB-8A8F-4E23-4F0EAE708A92}.Debug|Any CPU.Build.0 = Debug|Any CPU
		{BA6C275C-4DBB-8A8F-4E23-4F0EAE708A92}.Release|Any CPU.ActiveCfg = Release|Any CPU
		{BA6C275C-4DBB-8A8F-4E23-4F0EAE708A92}.Release|Any CPU.Build.0 = Release|Any CPU
		{3AEFFAB6-98AA-4881-FF6C-C19ED9E728CA}.Debug|Any CPU.ActiveCfg = Debug|Any CPU
		{3AEFFAB6-98AA-4881-FF6C-C19ED9E728CA}.Debug|Any CPU.Build.0 = Debug|Any CPU
		{3AEFFAB6-98AA-4881-FF6C-C19ED9E728CA}.Release|Any CPU.ActiveCfg = Release|Any CPU
		{3AEFFAB6-98AA-4881-FF6C-C19ED9E728CA}.Release|Any CPU.Build.0 = Release|Any CPU
		{26990543-778A-048C-03FE-2D3D8B063E44}.Debug|Any CPU.ActiveCfg = Debug|Any CPU
		{26990543-778A-048C-03FE-2D3D8B063E44}.Debug|Any CPU.Build.0 = Debug|Any CPU
		{26990543-778A-048C-03FE-2D3D8B063E44}.Release|Any CPU.ActiveCfg = Release|Any CPU
		{26990543-778A-048C-03FE-2D3D8B063E44}.Release|Any CPU.Build.0 = Release|Any CPU
	EndGlobalSection
	GlobalSection(SolutionProperties) = preSolution
		HideSolutionNode = FALSE
	EndGlobalSection
	GlobalSection(MonoDevelopProperties) = preSolution
		StartupItem = Assembly-CSharp.csproj
	EndGlobalSection
EndGlobal
